
Microsoft Visual Studio Solution File, Format Version 12.00
# Visual Studio Version 17
VisualStudioVersion = 17.14.36203.30 d17.14
MinimumVisualStudioVersion = 10.0.40219.1
Project("{2150E333-8FDC-42A3-9474-1A3956D46DE8}") = "src", "src", "{02EA681E-C7D8-13C7-8484-4AC65E1B71E8}"
EndProject
Project("{2150E333-8FDC-42A3-9474-1A3956D46DE8}") = "Core", "Core", "{3A162321-483D-4104-BAFF-67E810EEE526}"
EndProject
Project("{2150E333-8FDC-42A3-9474-1A3956D46DE8}") = "Persistence", "Persistence", "{88B0642A-DEC7-4A0F-A1B0-4BFBE7EA9B95}"
EndProject
Project("{2150E333-8FDC-42A3-9474-1A3956D46DE8}") = "UI", "UI", "{2251A103-BC5D-4A24-947F-3B4ABC8307E0}"
EndProject
Project("{2150E333-8FDC-42A3-9474-1A3956D46DE8}") = "Tests", "Tests", "{1C8D2F3A-15AF-4E50-89BA-0F22CE5926FC}"
EndProject
Project("{FAE04EC0-301F-11D3-BF4B-00C04F79EFBC}") = "CRM.Core", "CRM.Core\CRM.Core.csproj", "{A8E4A245-A848-47B7-8AF6-4B7225CE42DB}"
EndProject
Project("{FAE04EC0-301F-11D3-BF4B-00C04F79EFBC}") = "CRM.Models", "CRM.Models\CRM.Models.csproj", "{45295C7C-7B2D-47A9-A2A7-7D22CAA3EEF2}"
EndProject
Project("{FAE04EC0-301F-11D3-BF4B-00C04F79EFBC}") = "CRM.Domain", "CRM.Domain\CRM.Domain.csproj", "{F4454F13-0BDA-4423-8372-6E12E4A3324B}"
EndProject
Project("{FAE04EC0-301F-11D3-BF4B-00C04F79EFBC}") = "CRM.Repositories", "CRM.Repositories\CRM.Repositories.csproj", "{BDB56A7C-FBAC-4B7B-9523-22382AACC30B}"
EndProject
Project("{FAE04EC0-301F-11D3-BF4B-00C04F79EFBC}") = "CRM.UI", "CRM.UI\CRM.UI.csproj", "{1A972E0E-ED54-4D33-9AB3-A4E858E0704B}"
EndProject
Project("{FAE04EC0-301F-11D3-BF4B-00C04F79EFBC}") = "CRM.Tests", "CRM.Tests\CRM.Tests.csproj", "{533ED898-45F1-4C72-8FAF-72675BD6F03C}"
EndProject
Global
	GlobalSection(SolutionConfigurationPlatforms) = preSolution
		Debug|Any CPU = Debug|Any CPU
		Release|Any CPU = Release|Any CPU
	EndGlobalSection
	GlobalSection(ProjectConfigurationPlatforms) = postSolution
		{A8E4A245-A848-47B7-8AF6-4B7225CE42DB}.Debug|Any CPU.ActiveCfg = Debug|Any CPU
		{A8E4A245-A848-47B7-8AF6-4B7225CE42DB}.Debug|Any CPU.Build.0 = Debug|Any CPU
		{A8E4A245-A848-47B7-8AF6-4B7225CE42DB}.Release|Any CPU.ActiveCfg = Release|Any CPU
		{A8E4A245-A848-47B7-8AF6-4B7225CE42DB}.Release|Any CPU.Build.0 = Release|Any CPU
		{45295C7C-7B2D-47A9-A2A7-7D22CAA3EEF2}.Debug|Any CPU.ActiveCfg = Debug|Any CPU
		{45295C7C-7B2D-47A9-A2A7-7D22CAA3EEF2}.Debug|Any CPU.Build.0 = Debug|Any CPU
		{45295C7C-7B2D-47A9-A2A7-7D22CAA3EEF2}.Release|Any CPU.ActiveCfg = Release|Any CPU
		{45295C7C-7B2D-47A9-A2A7-7D22CAA3EEF2}.Release|Any CPU.Build.0 = Release|Any CPU
		{F4454F13-0BDA-4423-8372-6E12E4A3324B}.Debug|Any CPU.ActiveCfg = Debug|Any CPU
		{F4454F13-0BDA-4423-8372-6E12E4A3324B}.Debug|Any CPU.Build.0 = Debug|Any CPU
		{F4454F13-0BDA-4423-8372-6E12E4A3324B}.Release|Any CPU.ActiveCfg = Release|Any CPU
		{F4454F13-0BDA-4423-8372-6E12E4A3324B}.Release|Any CPU.Build.0 = Release|Any CPU
		{BDB56A7C-FBAC-4B7B-9523-22382AACC30B}.Debug|Any CPU.ActiveCfg = Debug|Any CPU
		{BDB56A7C-FBAC-4B7B-9523-22382AACC30B}.Debug|Any CPU.Build.0 = Debug|Any CPU
		{BDB56A7C-FBAC-4B7B-9523-22382AACC30B}.Release|Any CPU.ActiveCfg = Release|Any CPU
		{BDB56A7C-FBAC-4B7B-9523-22382AACC30B}.Release|Any CPU.Build.0 = Release|Any CPU
		{1A972E0E-ED54-4D33-9AB3-A4E858E0704B}.Debug|Any CPU.ActiveCfg = Debug|Any CPU
		{1A972E0E-ED54-4D33-9AB3-A4E858E0704B}.Debug|Any CPU.Build.0 = Debug|Any CPU
		{1A972E0E-ED54-4D33-9AB3-A4E858E0704B}.Release|Any CPU.ActiveCfg = Release|Any CPU
		{1A972E0E-ED54-4D33-9AB3-A4E858E0704B}.Release|Any CPU.Build.0 = Release|Any CPU
		{533ED898-45F1-4C72-8FAF-72675BD6F03C}.Debug|Any CPU.ActiveCfg = Debug|Any CPU
		{533ED898-45F1-4C72-8FAF-72675BD6F03C}.Debug|Any CPU.Build.0 = Debug|Any CPU
		{533ED898-45F1-4C72-8FAF-72675BD6F03C}.Release|Any CPU.ActiveCfg = Release|Any CPU
		{533ED898-45F1-4C72-8FAF-72675BD6F03C}.Release|Any CPU.Build.0 = Release|Any CPU
	EndGlobalSection
	GlobalSection(SolutionProperties) = preSolution
		HideSolutionNode = FALSE
	EndGlobalSection
	GlobalSection(NestedProjects) = preSolution
		{3A162321-483D-4104-BAFF-67E810EEE526} = {02EA681E-C7D8-13C7-8484-4AC65E1B71E8}
		{88B0642A-DEC7-4A0F-A1B0-4BFBE7EA9B95} = {02EA681E-C7D8-13C7-8484-4AC65E1B71E8}
		{2251A103-BC5D-4A24-947F-3B4ABC8307E0} = {02EA681E-C7D8-13C7-8484-4AC65E1B71E8}
		{1C8D2F3A-15AF-4E50-89BA-0F22CE5926FC} = {02EA681E-C7D8-13C7-8484-4AC65E1B71E8}
		{A8E4A245-A848-47B7-8AF6-4B7225CE42DB} = {3A162321-483D-4104-BAFF-67E810EEE526}
		{45295C7C-7B2D-47A9-A2A7-7D22CAA3EEF2} = {3A162321-483D-4104-BAFF-67E810EEE526}
		{F4454F13-0BDA-4423-8372-6E12E4A3324B} = {88B0642A-DEC7-4A0F-A1B0-4BFBE7EA9B95}
		{BDB56A7C-FBAC-4B7B-9523-22382AACC30B} = {88B0642A-DEC7-4A0F-A1B0-4BFBE7EA9B95}
		{1A972E0E-ED54-4D33-9AB3-A4E858E0704B} = {2251A103-BC5D-4A24-947F-3B4ABC8307E0}
		{533ED898-45F1-4C72-8FAF-72675BD6F03C} = {1C8D2F3A-15AF-4E50-89BA-0F22CE5926FC}
	EndGlobalSection
	GlobalSection(ExtensibilityGlobals) = postSolution
		SolutionGuid = {2B7F5C23-D506-46DF-A6FF-2E1A3ABE66EE}
	EndGlobalSection
EndGlobal
